
Microsoft Visual Studio Solution File, Format Version 12.00
# Visual Studio 15
VisualStudioVersion = 15.0.26124.0
MinimumVisualStudioVersion = 15.0.26124.0
Project("{FAE04EC0-301F-11D3-BF4B-00C04F79EFBC}") = "API", "API\API.csproj", "{EC706AC1-12AB-4400-BFB7-3253DA9EA81F}"
EndProject
Project("{FAE04EC0-301F-11D3-BF4B-00C04F79EFBC}") = "Core", "Core\Core.csproj", "{47DCD715-B1D8-41BA-BCFA-10901687E539}"
EndProject
Project("{FAE04EC0-301F-11D3-BF4B-00C04F79EFBC}") = "Infrastructure", "Infrastructure\Infrastructure.csproj", "{1A7EE2D9-D893-419A-A8E8-8F6892AF6FD0}"
EndProject
Global
	GlobalSection(SolutionConfigurationPlatforms) = preSolution
		Debug|Any CPU = Debug|Any CPU
		Debug|x64 = Debug|x64
		Debug|x86 = Debug|x86
		Release|Any CPU = Release|Any CPU
		Release|x64 = Release|x64
		Release|x86 = Release|x86
	EndGlobalSection
	GlobalSection(SolutionProperties) = preSolution
		HideSolutionNode = FALSE
	EndGlobalSection
	GlobalSection(ProjectConfigurationPlatforms) = postSolution
		{EC706AC1-12AB-4400-BFB7-3253DA9EA81F}.Debug|Any CPU.ActiveCfg = Debug|Any CPU
		{EC706AC1-12AB-4400-BFB7-3253DA9EA81F}.Debug|Any CPU.Build.0 = Debug|Any CPU
		{EC706AC1-12AB-4400-BFB7-3253DA9EA81F}.Debug|x64.ActiveCfg = Debug|Any CPU
		{EC706AC1-12AB-4400-BFB7-3253DA9EA81F}.Debug|x64.Build.0 = Debug|Any CPU
		{EC706AC1-12AB-4400-BFB7-3253DA9EA81F}.Debug|x86.ActiveCfg = Debug|Any CPU
		{EC706AC1-12AB-4400-BFB7-3253DA9EA81F}.Debug|x86.Build.0 = Debug|Any CPU
		{EC706AC1-12AB-4400-BFB7-3253DA9EA81F}.Release|Any CPU.ActiveCfg = Release|Any CPU
		{EC706AC1-12AB-4400-BFB7-3253DA9EA81F}.Release|Any CPU.Build.0 = Release|Any CPU
		{EC706AC1-12AB-4400-BFB7-3253DA9EA81F}.Release|x64.ActiveCfg = Release|Any CPU
		{EC706AC1-12AB-4400-BFB7-3253DA9EA81F}.Release|x64.Build.0 = Release|Any CPU
		{EC706AC1-12AB-4400-BFB7-3253DA9EA81F}.Release|x86.ActiveCfg = Release|Any CPU
		{EC706AC1-12AB-4400-BFB7-3253DA9EA81F}.Release|x86.Build.0 = Release|Any CPU
		{47DCD715-B1D8-41BA-BCFA-10901687E539}.Debug|Any CPU.ActiveCfg = Debug|Any CPU
		{47DCD715-B1D8-41BA-BCFA-10901687E539}.Debug|Any CPU.Build.0 = Debug|Any CPU
		{47DCD715-B1D8-41BA-BCFA-10901687E539}.Debug|x64.ActiveCfg = Debug|Any CPU
		{47DCD715-B1D8-41BA-BCFA-10901687E539}.Debug|x64.Build.0 = Debug|Any CPU
		{47DCD715-B1D8-41BA-BCFA-10901687E539}.Debug|x86.ActiveCfg = Debug|Any CPU
		{47DCD715-B1D8-41BA-BCFA-10901687E539}.Debug|x86.Build.0 = Debug|Any CPU
		{47DCD715-B1D8-41BA-BCFA-10901687E539}.Release|Any CPU.ActiveCfg = Release|Any CPU
		{47DCD715-B1D8-41BA-BCFA-10901687E539}.Release|Any CPU.Build.0 = Release|Any CPU
		{47DCD715-B1D8-41BA-BCFA-10901687E539}.Release|x64.ActiveCfg = Release|Any CPU
		{47DCD715-B1D8-41BA-BCFA-10901687E539}.Release|x64.Build.0 = Release|Any CPU
		{47DCD715-B1D8-41BA-BCFA-10901687E539}.Release|x86.ActiveCfg = Release|Any CPU
		{47DCD715-B1D8-41BA-BCFA-10901687E539}.Release|x86.Build.0 = Release|Any CPU
		{1A7EE2D9-D893-419A-A8E8-8F6892AF6FD0}.Debug|Any CPU.ActiveCfg = Debug|Any CPU
		{1A7EE2D9-D893-419A-A8E8-8F6892AF6FD0}.Debug|Any CPU.Build.0 = Debug|Any CPU
		{1A7EE2D9-D893-419A-A8E8-8F6892AF6FD0}.Debug|x64.ActiveCfg = Debug|Any CPU
		{1A7EE2D9-D893-419A-A8E8-8F6892AF6FD0}.Debug|x64.Build.0 = Debug|Any CPU
		{1A7EE2D9-D893-419A-A8E8-8F6892AF6FD0}.Debug|x86.ActiveCfg = Debug|Any CPU
		{1A7EE2D9-D893-419A-A8E8-8F6892AF6FD0}.Debug|x86.Build.0 = Debug|Any CPU
		{1A7EE2D9-D893-419A-A8E8-8F6892AF6FD0}.Release|Any CPU.ActiveCfg = Release|Any CPU
		{1A7EE2D9-D893-419A-A8E8-8F6892AF6FD0}.Release|Any CPU.Build.0 = Release|Any CPU
		{1A7EE2D9-D893-419A-A8E8-8F6892AF6FD0}.Release|x64.ActiveCfg = Release|Any CPU
		{1A7EE2D9-D893-419A-A8E8-8F6892AF6FD0}.Release|x64.Build.0 = Release|Any CPU
		{1A7EE2D9-D893-419A-A8E8-8F6892AF6FD0}.Release|x86.ActiveCfg = Release|Any CPU
		{1A7EE2D9-D893-419A-A8E8-8F6892AF6FD0}.Release|x86.Build.0 = Release|Any CPU
	EndGlobalSection
EndGlobal
